<?xml version="1.0" encoding="utf-8"?>
<Project ToolsVersion="4.0" xmlns="http://schemas.microsoft.com/developer/msbuild/2003">
  <ItemGroup>
    <Filter Include="Source Files">
      <UniqueIdentifier>{4FC737F1-C7A5-4376-A066-2A32D752A2FF}</UniqueIdentifier>
      <Extensions>cpp;c;cc;cxx;def;odl;idl;hpj;bat;asm;asmx</Extensions>
    </Filter>
    <Filter Include="Header Files">
      <UniqueIdentifier>{93995380-89BD-4b04-88EB-625FBE52EBFB}</UniqueIdentifier>
      <Extensions>h;hpp;hxx;hm;inl;inc;xsd</Extensions>
    </Filter>
    <Filter Include="Resource Files">
      <UniqueIdentifier>{67DA6AB6-F800-4c08-8B7A-83BB121AAD01}</UniqueIdentifier>
      <Extensions>rc;ico;cur;bmp;dlg;rc2;rct;bin;rgs;gif;jpg;jpeg;jpe;resx;tiff;tif;png;wav;mfcribbon-ms</Extensions>
    </Filter>
    <Filter Include="Source Files\Shaders">
      <UniqueIdentifier>{57145b7a-7263-4d36-b3fb-b901360c57ee}</UniqueIdentifier>
    </Filter>
  </ItemGroup>
  <ItemGroup>
    <ClCompile Include="main.cpp">
      <Filter>Source Files</Filter>
    </ClCompile>
    <ClCompile Include="DrawObject.cpp">
      <Filter>Source Files</Filter>
    </ClCompile>
    <ClCompile Include="Shader.cpp">
      <Filter>Source Files</Filter>
    </ClCompile>
    <ClCompile Include="VertexAtt.cpp">
      <Filter>Source Files</Filter>
    </ClCompile>
    <ClCompile Include="Cube.cpp">
      <Filter>Source Files</Filter>
    </ClCompile>
    <ClCompile Include="World.cpp">
      <Filter>Source Files</Filter>
    </ClCompile>
    <ClCompile Include="Camera.cpp">
      <Filter>Source Files</Filter>
    </ClCompile>
    <ClCompile Include="Player.cpp">
      <Filter>Source Files</Filter>
    </ClCompile>
    <ClCompile Include="Stadium.cpp">
      <Filter>Source Files</Filter>
    </ClCompile>
    <ClCompile Include="Sphere.cpp">
      <Filter>Source Files</Filter>
    </ClCompile>
    <ClCompile Include="ContactListener.cpp">
      <Filter>Source Files</Filter>
    </ClCompile>
    <ClCompile Include="FrameBufferObject.cpp">
      <Filter>Source Files</Filter>
    </ClCompile>
    <ClCompile Include="glutInclude.cpp">
      <Filter>Source Files</Filter>
    </ClCompile>
    <ClCompile Include="ShadowFBO.cpp">
      <Filter>Source Files</Filter>
    </ClCompile>
    <ClCompile Include="SubShader.cpp">
      <Filter>Source Files</Filter>
    </ClCompile>
    <ClCompile Include="ShaderWithShadows.cpp">
      <Filter>Source Files</Filter>
    </ClCompile>
    <ClCompile Include="Axes.cpp">
      <Filter>Source Files</Filter>
    </ClCompile>
    <ClCompile Include="Jumbotron.cpp">
      <Filter>Source Files</Filter>
    </ClCompile>
    <ClCompile Include="Cursor.cpp">
      <Filter>Source Files</Filter>
    </ClCompile>
    <ClCompile Include="Skybox.cpp">
      <Filter>Source Files</Filter>
    </ClCompile>
    <ClCompile Include="GoochShader.cpp">
      <Filter>Source Files</Filter>
    </ClCompile>
    <ClCompile Include="FireShader.cpp">
      <Filter>Source Files</Filter>
    </ClCompile>
  </ItemGroup>
  <ItemGroup>
    <None Include="ClassDiagram1.cd" />
    <None Include="gooch_shader.frag">
      <Filter>Source Files\Shaders</Filter>
    </None>
    <None Include="gooch_shader.vert">
      <Filter>Source Files\Shaders</Filter>
    </None>
    <None Include="FlatShader.vert">
      <Filter>Source Files\Shaders</Filter>
    </None>
    <None Include="FlatShader.frag">
      <Filter>Source Files\Shaders</Filter>
    </None>
    <None Include="debug_pos_shader.vert">
      <Filter>Source Files\Shaders</Filter>
    </None>
    <None Include="debug_pos_shader.frag">
      <Filter>Source Files\Shaders</Filter>
    </None>
    <None Include="ADSShader.vert">
      <Filter>Source Files\Shaders</Filter>
    </None>
    <None Include="ADSShader.frag">
      <Filter>Source Files\Shaders</Filter>
    </None>
    <None Include="no_shader.frag">
      <Filter>Source Files\Shaders</Filter>
    </None>
    <None Include="no_shader.vert">
      <Filter>Source Files\Shaders</Filter>
    </None>
    <None Include="norm_shader.frag">
      <Filter>Source Files\Shaders</Filter>
    </None>
    <None Include="norm_shader.vert">
      <Filter>Source Files\Shaders</Filter>
    </None>
    <None Include="Phong_shader.frag">
      <Filter>Source Files\Shaders</Filter>
    </None>
    <None Include="Phong_shader.vert">
      <Filter>Source Files\Shaders</Filter>
    </None>
    <None Include="tex_no_lighting.frag">
      <Filter>Source Files\Shaders</Filter>
    </None>
    <None Include="tex_shader.frag">
      <Filter>Source Files\Shaders</Filter>
    </None>
    <None Include="tex_shader.vert">
      <Filter>Source Files\Shaders</Filter>
    </None>
    <None Include="tex_shader_w_shadows.frag">
      <Filter>Source Files\Shaders</Filter>
    </None>
    <None Include="tex_shader_w_shadows.vert">
      <Filter>Source Files\Shaders</Filter>
    </None>
    <None Include="fire_shader.vert">
      <Filter>Source Files\Shaders</Filter>
    </None>
    <None Include="fire_shader.frag">
      <Filter>Source Files\Shaders</Filter>
    </None>
  </ItemGroup>
  <ItemGroup>
    <ClInclude Include="DrawObject.h">
      <Filter>Header Files</Filter>
    </ClInclude>
    <ClInclude Include="Shader.h">
      <Filter>Header Files</Filter>
    </ClInclude>
    <ClInclude Include="glutInclude.h">
      <Filter>Header Files</Filter>
    </ClInclude>
    <ClInclude Include="VertexAtt.h">
      <Filter>Header Files</Filter>
    </ClInclude>
    <ClInclude Include="MaterialInfo.h">
      <Filter>Header Files</Filter>
    </ClInclude>
    <ClInclude Include="Cube.h">
      <Filter>Header Files</Filter>
    </ClInclude>
    <ClInclude Include="World.h">
      <Filter>Header Files</Filter>
    </ClInclude>
    <ClInclude Include="Camera.h">
      <Filter>Header Files</Filter>
    </ClInclude>
    <ClInclude Include="Player.h">
      <Filter>Header Files</Filter>
    </ClInclude>
    <ClInclude Include="Stadium.h">
      <Filter>Header Files</Filter>
    </ClInclude>
    <ClInclude Include="Sphere.h">
      <Filter>Header Files</Filter>
    </ClInclude>
    <ClInclude Include="ContactListener.h">
      <Filter>Header Files</Filter>
    </ClInclude>
    <ClInclude Include="PhysicsInclude.h">
      <Filter>Header Files</Filter>
    </ClInclude>
    <ClInclude Include="Textures.h">
      <Filter>Header Files</Filter>
    </ClInclude>
    <ClInclude Include="FrameBufferObject.h">
      <Filter>Header Files</Filter>
    </ClInclude>
    <ClInclude Include="ShadowFBO.h">
      <Filter>Header Files</Filter>
    </ClInclude>
    <ClInclude Include="SubShader.h">
      <Filter>Header Files</Filter>
    </ClInclude>
    <ClInclude Include="ShaderWithShadows.h">
      <Filter>Header Files</Filter>
    </ClInclude>
    <ClInclude Include="Axes.h">
      <Filter>Header Files</Filter>
    </ClInclude>
    <ClInclude Include="Jumbotron.h">
      <Filter>Header Files</Filter>
    </ClInclude>
    <ClInclude Include="Cursor.h">
      <Filter>Header Files</Filter>
    </ClInclude>
    <ClInclude Include="Skybox.h">
      <Filter>Header Files</Filter>
    </ClInclude>
    <ClInclude Include="GoochShader.h">
      <Filter>Header Files</Filter>
    </ClInclude>
    <ClInclude Include="FireShader.h">
      <Filter>Header Files</Filter>
    </ClInclude>
  </ItemGroup>
</Project>